
Microsoft Visual Studio Solution File, Format Version 12.00
# Visual Studio Version 17
VisualStudioVersion = 17.9.34728.123
MinimumVisualStudioVersion = 10.0.40219.1
Project("{9A19103F-16F7-4668-BE54-9A1E7A4F7556}") = "DNATestingSystem.Repository.TienDM", "DNATestingSystem.Repository.TienDM\DNATestingSystem.Repository.TienDM.csproj", "{BA347C5B-46ED-4D22-9D4D-EEC259A6F7C1}"
EndProject
Project("{9A19103F-16F7-4668-BE54-9A1E7A4F7556}") = "DNATestingSystem.Services.TienDM", "DNATestingSystem.Services.TienDM\DNATestingSystem.Services.TienDM.csproj", "{D6FF20A9-FD77-4BEA-8B88-9954A4A68E82}"
EndProject
Project("{9A19103F-16F7-4668-BE54-9A1E7A4F7556}") = "DNATestingSystem.SoapAPIServices.TienDM", "DNATestingSystem.SoapAPIServices.TienDM\DNATestingSystem.SoapAPIServices.TienDM.csproj", "{52034201-70A8-4C4D-9F73-D29444998613}"
EndProject
Project("{FAE04EC0-301F-11D3-BF4B-00C04F79EFBC}") = "DNATestingSystem.SoapClient.ConsoleApp.TienDM", "DNATestingSystem.SoapClient.ConsoleApp.TienDM\DNATestingSystem.SoapClient.ConsoleApp.TienDM.csproj", "{86EC1105-0237-4460-9BE8-465C5C60E6EB}"
EndProject
Global
	GlobalSection(SolutionConfigurationPlatforms) = preSolution
		Debug|Any CPU = Debug|Any CPU
		Release|Any CPU = Release|Any CPU
	EndGlobalSection
	GlobalSection(ProjectConfigurationPlatforms) = postSolution
		{BA347C5B-46ED-4D22-9D4D-EEC259A6F7C1}.Debug|Any CPU.ActiveCfg = Debug|Any CPU
		{BA347C5B-46ED-4D22-9D4D-EEC259A6F7C1}.Debug|Any CPU.Build.0 = Debug|Any CPU
		{BA347C5B-46ED-4D22-9D4D-EEC259A6F7C1}.Release|Any CPU.ActiveCfg = Release|Any CPU
		{BA347C5B-46ED-4D22-9D4D-EEC259A6F7C1}.Release|Any CPU.Build.0 = Release|Any CPU
		{D6FF20A9-FD77-4BEA-8B88-9954A4A68E82}.Debug|Any CPU.ActiveCfg = Debug|Any CPU
		{D6FF20A9-FD77-4BEA-8B88-9954A4A68E82}.Debug|Any CPU.Build.0 = Debug|Any CPU
		{D6FF20A9-FD77-4BEA-8B88-9954A4A68E82}.Release|Any CPU.ActiveCfg = Release|Any CPU
		{D6FF20A9-FD77-4BEA-8B88-9954A4A68E82}.Release|Any CPU.Build.0 = Release|Any CPU
		{52034201-70A8-4C4D-9F73-D29444998613}.Debug|Any CPU.ActiveCfg = Debug|Any CPU
		{52034201-70A8-4C4D-9F73-D29444998613}.Debug|Any CPU.Build.0 = Debug|Any CPU
		{52034201-70A8-4C4D-9F73-D29444998613}.Release|Any CPU.ActiveCfg = Release|Any CPU
		{52034201-70A8-4C4D-9F73-D29444998613}.Release|Any CPU.Build.0 = Release|Any CPU
		{86EC1105-0237-4460-9BE8-465C5C60E6EB}.Debug|Any CPU.ActiveCfg = Debug|Any CPU
		{86EC1105-0237-4460-9BE8-465C5C60E6EB}.Debug|Any CPU.Build.0 = Debug|Any CPU
		{86EC1105-0237-4460-9BE8-465C5C60E6EB}.Release|Any CPU.ActiveCfg = Release|Any CPU
		{86EC1105-0237-4460-9BE8-465C5C60E6EB}.Release|Any CPU.Build.0 = Release|Any CPU
	EndGlobalSection
	GlobalSection(SolutionProperties) = preSolution
		HideSolutionNode = FALSE
	EndGlobalSection
	GlobalSection(ExtensibilityGlobals) = postSolution
		SolutionGuid = {FED19F93-663B-4A15-9118-411065CEF4DD}
	EndGlobalSection
EndGlobal
